
Microsoft Visual Studio Solution File, Format Version 12.00
# Visual Studio Version 17
VisualStudioVersion = 17.9.34607.119
MinimumVisualStudioVersion = 10.0.40219.1
Project("{9A19103F-16F7-4668-BE54-9A1E7A4F7556}") = "ResetTerrainFeatures_NET6", "ResetTerrainFeatures_NET6\ResetTerrainFeatures_NET6.csproj", "{1A3DECF6-AF60-4798-8FEF-174B178D4C5F}"
EndProject
Global
	GlobalSection(SolutionConfigurationPlatforms) = preSolution
		Debug|Any CPU = Debug|Any CPU
		Release|Any CPU = Release|Any CPU
	EndGlobalSection
	GlobalSection(ProjectConfigurationPlatforms) = postSolution
		{1A3DECF6-AF60-4798-8FEF-174B178D4C5F}.Debug|Any CPU.ActiveCfg = Debug|Any CPU
		{1A3DECF6-AF60-4798-8FEF-174B178D4C5F}.Debug|Any CPU.Build.0 = Debug|Any CPU
		{1A3DECF6-AF60-4798-8FEF-174B178D4C5F}.Release|Any CPU.ActiveCfg = Release|Any CPU
		{1A3DECF6-AF60-4798-8FEF-174B178D4C5F}.Release|Any CPU.Build.0 = Release|Any CPU
	EndGlobalSection
	GlobalSection(SolutionProperties) = preSolution
		HideSolutionNode = FALSE
	EndGlobalSection
	GlobalSection(ExtensibilityGlobals) = postSolution
		SolutionGuid = {9C1D45F5-036D-454D-A4F1-D50C3CC5A962}
	EndGlobalSection
EndGlobal
